
Microsoft Visual Studio Solution File, Format Version 12.00
# Visual Studio Version 17
VisualStudioVersion = 17.10.34916.146
MinimumVisualStudioVersion = 10.0.40219.1
Project("{FAE04EC0-301F-11D3-BF4B-00C04F79EFBC}") = "nnn", "nnn\nnn.csproj", "{4B96FA71-D0E3-41BC-934F-B272C63A1997}"
EndProject
Global
	GlobalSection(SolutionConfigurationPlatforms) = preSolution
		Debug|Any CPU = Debug|Any CPU
		Release|Any CPU = Release|Any CPU
	EndGlobalSection
	GlobalSection(ProjectConfigurationPlatforms) = postSolution
		{4B96FA71-D0E3-41BC-934F-B272C63A1997}.Debug|Any CPU.ActiveCfg = Debug|Any CPU
		{4B96FA71-D0E3-41BC-934F-B272C63A1997}.Debug|Any CPU.Build.0 = Debug|Any CPU
		{4B96FA71-D0E3-41BC-934F-B272C63A1997}.Release|Any CPU.ActiveCfg = Release|Any CPU
		{4B96FA71-D0E3-41BC-934F-B272C63A1997}.Release|Any CPU.Build.0 = Release|Any CPU
	EndGlobalSection
	GlobalSection(SolutionProperties) = preSolution
		HideSolutionNode = FALSE
	EndGlobalSection
	GlobalSection(ExtensibilityGlobals) = postSolution
		SolutionGuid = {C38441C1-A5B0-4267-87D0-4B27C9B58FBF}
	EndGlobalSection
EndGlobal
